
Microsoft Visual Studio Solution File, Format Version 12.00
# Visual Studio Version 16
VisualStudioVersion = 16.0.29306.81
MinimumVisualStudioVersion = 10.0.40219.1
Project("{FAE04EC0-301F-11D3-BF4B-00C04F79EFBC}") = "WindowsFormsApp1", "WindowsFormsApp1\WindowsFormsApp1.csproj", "{0E8E3968-9F41-4010-942F-14B979F1C2FC}"
EndProject
Global
	GlobalSection(SolutionConfigurationPlatforms) = preSolution
		Debug|Any CPU = Debug|Any CPU
		Release|Any CPU = Release|Any CPU
	EndGlobalSection
	GlobalSection(ProjectConfigurationPlatforms) = postSolution
		{0E8E3968-9F41-4010-942F-14B979F1C2FC}.Debug|Any CPU.ActiveCfg = Debug|Any CPU
		{0E8E3968-9F41-4010-942F-14B979F1C2FC}.Debug|Any CPU.Build.0 = Debug|Any CPU
		{0E8E3968-9F41-4010-942F-14B979F1C2FC}.Release|Any CPU.ActiveCfg = Release|Any CPU
		{0E8E3968-9F41-4010-942F-14B979F1C2FC}.Release|Any CPU.Build.0 = Release|Any CPU
	EndGlobalSection
	GlobalSection(SolutionProperties) = preSolution
		HideSolutionNode = FALSE
	EndGlobalSection
	GlobalSection(ExtensibilityGlobals) = postSolution
		SolutionGuid = {2FF2DF09-A005-4E09-9AB4-B7CB7331A322}
	EndGlobalSection
EndGlobal
