
Microsoft Visual Studio Solution File, Format Version 12.00
# Visual Studio Version 16
VisualStudioVersion = 16.0.29306.81
MinimumVisualStudioVersion = 10.0.40219.1
Project("{FAE04EC0-301F-11D3-BF4B-00C04F79EFBC}") = "SimpleClassConsole", "SimpleClassConsole\SimpleClassConsole.csproj", "{E30726BA-3907-4D4C-AFC2-7AAABE2EE98A}"
EndProject
Global
	GlobalSection(SolutionConfigurationPlatforms) = preSolution
		Debug|Any CPU = Debug|Any CPU
		Release|Any CPU = Release|Any CPU
	EndGlobalSection
	GlobalSection(ProjectConfigurationPlatforms) = postSolution
		{E30726BA-3907-4D4C-AFC2-7AAABE2EE98A}.Debug|Any CPU.ActiveCfg = Debug|Any CPU
		{E30726BA-3907-4D4C-AFC2-7AAABE2EE98A}.Debug|Any CPU.Build.0 = Debug|Any CPU
		{E30726BA-3907-4D4C-AFC2-7AAABE2EE98A}.Release|Any CPU.ActiveCfg = Release|Any CPU
		{E30726BA-3907-4D4C-AFC2-7AAABE2EE98A}.Release|Any CPU.Build.0 = Release|Any CPU
	EndGlobalSection
	GlobalSection(SolutionProperties) = preSolution
		HideSolutionNode = FALSE
	EndGlobalSection
	GlobalSection(ExtensibilityGlobals) = postSolution
		SolutionGuid = {B6538D0A-4363-4D59-8FE3-2554D9FD7822}
	EndGlobalSection
EndGlobal
